
Microsoft Visual Studio Solution File, Format Version 12.00
# Visual Studio Version 17
VisualStudioVersion = 17.3.32929.385
MinimumVisualStudioVersion = 10.0.40219.1
Project("{FAE04EC0-301F-11D3-BF4B-00C04F79EFBC}") = "Mediscreen", "Mediscreen\Mediscreen.csproj", "{330EEB8F-EC6B-4A87-833C-D25612D8D3E4}"
EndProject
Project("{E53339B2-1760-4266-BCC7-CA923CBCF16C}") = "docker-compose", "docker-compose.dcproj", "{1520BE51-1E53-41F8-93A2-BCFDF9ADEF38}"
EndProject
Global
	GlobalSection(SolutionConfigurationPlatforms) = preSolution
		Debug|Any CPU = Debug|Any CPU
		Release|Any CPU = Release|Any CPU
	EndGlobalSection
	GlobalSection(ProjectConfigurationPlatforms) = postSolution
		{330EEB8F-EC6B-4A87-833C-D25612D8D3E4}.Debug|Any CPU.ActiveCfg = Debug|Any CPU
		{330EEB8F-EC6B-4A87-833C-D25612D8D3E4}.Debug|Any CPU.Build.0 = Debug|Any CPU
		{330EEB8F-EC6B-4A87-833C-D25612D8D3E4}.Release|Any CPU.ActiveCfg = Release|Any CPU
		{330EEB8F-EC6B-4A87-833C-D25612D8D3E4}.Release|Any CPU.Build.0 = Release|Any CPU
		{1520BE51-1E53-41F8-93A2-BCFDF9ADEF38}.Debug|Any CPU.ActiveCfg = Debug|Any CPU
		{1520BE51-1E53-41F8-93A2-BCFDF9ADEF38}.Debug|Any CPU.Build.0 = Debug|Any CPU
		{1520BE51-1E53-41F8-93A2-BCFDF9ADEF38}.Release|Any CPU.ActiveCfg = Release|Any CPU
		{1520BE51-1E53-41F8-93A2-BCFDF9ADEF38}.Release|Any CPU.Build.0 = Release|Any CPU
	EndGlobalSection
	GlobalSection(SolutionProperties) = preSolution
		HideSolutionNode = FALSE
	EndGlobalSection
	GlobalSection(ExtensibilityGlobals) = postSolution
		SolutionGuid = {3CBE0225-95F4-4FA4-B18F-4691AB9AEB1C}
	EndGlobalSection
EndGlobal
